
Microsoft Visual Studio Solution File, Format Version 12.00
# Visual Studio Version 17
VisualStudioVersion = 17.0.31903.59
MinimumVisualStudioVersion = 10.0.40219.1
Project("{2150E333-8FDC-42A3-9474-1A3956D46DE8}") = "src", "src", "{C69EAEAE-964B-4A42-A92A-44A14B0083D7}"
EndProject
Project("{FAE04EC0-301F-11D3-BF4B-00C04F79EFBC}") = "XML", "src\XML\XML.csproj", "{ECE7A3A8-D11F-4F11-8223-9D267B62C28A}"
EndProject
Project("{FAE04EC0-301F-11D3-BF4B-00C04F79EFBC}") = "XML.Tests", "src\XML.Tests\XML.Tests.csproj", "{6A383008-687E-4F25-8578-8B8C52071A11}"
EndProject
Global
	GlobalSection(SolutionConfigurationPlatforms) = preSolution
		Debug|Any CPU = Debug|Any CPU
		Release|Any CPU = Release|Any CPU
	EndGlobalSection
	GlobalSection(SolutionProperties) = preSolution
		HideSolutionNode = FALSE
	EndGlobalSection
	GlobalSection(ProjectConfigurationPlatforms) = postSolution
		{ECE7A3A8-D11F-4F11-8223-9D267B62C28A}.Debug|Any CPU.ActiveCfg = Debug|Any CPU
		{ECE7A3A8-D11F-4F11-8223-9D267B62C28A}.Debug|Any CPU.Build.0 = Debug|Any CPU
		{ECE7A3A8-D11F-4F11-8223-9D267B62C28A}.Release|Any CPU.ActiveCfg = Release|Any CPU
		{ECE7A3A8-D11F-4F11-8223-9D267B62C28A}.Release|Any CPU.Build.0 = Release|Any CPU
		{6A383008-687E-4F25-8578-8B8C52071A11}.Debug|Any CPU.ActiveCfg = Debug|Any CPU
		{6A383008-687E-4F25-8578-8B8C52071A11}.Debug|Any CPU.Build.0 = Debug|Any CPU
		{6A383008-687E-4F25-8578-8B8C52071A11}.Release|Any CPU.ActiveCfg = Release|Any CPU
		{6A383008-687E-4F25-8578-8B8C52071A11}.Release|Any CPU.Build.0 = Release|Any CPU
	EndGlobalSection
	GlobalSection(NestedProjects) = preSolution
		{ECE7A3A8-D11F-4F11-8223-9D267B62C28A} = {C69EAEAE-964B-4A42-A92A-44A14B0083D7}
		{6A383008-687E-4F25-8578-8B8C52071A11} = {C69EAEAE-964B-4A42-A92A-44A14B0083D7}
	EndGlobalSection
EndGlobal
